// !$*UTF8*$!
{
	archiveVersion = 1;
	classes = {
	};
	objectVersion = 46;
	objects = {

/* Begin PBXBuildFile section */
		1828C36757021D78B586B78D /* Pods_InstagramTests.framework in Frameworks */ = {isa = PBXBuildFile; fileRef = DFD46F32A7D428578C7F2AD3 /* Pods_InstagramTests.framework */; };
		6899C1E5A6E99E71A07218F1 /* Pods_InstagramUITests.framework in Frameworks */ = {isa = PBXBuildFile; fileRef = F0782EE0B901FD76592AE0A9 /* Pods_InstagramUITests.framework */; };
		763BBB60319CA49756C50FFA /* Pods_Instagram.framework in Frameworks */ = {isa = PBXBuildFile; fileRef = BB3D7CD7722BE295BA4653DC /* Pods_Instagram.framework */; };
		C8F91DA41FE9217A0060B1B4 /* AppDelegate.swift in Sources */ = {isa = PBXBuildFile; fileRef = C8F91DA31FE9217A0060B1B4 /* AppDelegate.swift */; };
		C8F91DA61FE9217A0060B1B4 /* ViewController.swift in Sources */ = {isa = PBXBuildFile; fileRef = C8F91DA51FE9217A0060B1B4 /* ViewController.swift */; };
		C8F91DA91FE9217A0060B1B4 /* Main.storyboard in Resources */ = {isa = PBXBuildFile; fileRef = C8F91DA71FE9217A0060B1B4 /* Main.storyboard */; };
		C8F91DAB1FE9217A0060B1B4 /* Assets.xcassets in Resources */ = {isa = PBXBuildFile; fileRef = C8F91DAA1FE9217A0060B1B4 /* Assets.xcassets */; };
		C8F91DAE1FE9217A0060B1B4 /* LaunchScreen.storyboard in Resources */ = {isa = PBXBuildFile; fileRef = C8F91DAC1FE9217A0060B1B4 /* LaunchScreen.storyboard */; };
		C8F91DB91FE9217A0060B1B4 /* InstagramTests.swift in Sources */ = {isa = PBXBuildFile; fileRef = C8F91DB81FE9217A0060B1B4 /* InstagramTests.swift */; };
		C8F91DC41FE9217A0060B1B4 /* InstagramUITests.swift in Sources */ = {isa = PBXBuildFile; fileRef = C8F91DC31FE9217A0060B1B4 /* InstagramUITests.swift */; };
		C8F91DF61FE922F30060B1B4 /* LoginViewController.swift in Sources */ = {isa = PBXBuildFile; fileRef = C8F91DF51FE922F30060B1B4 /* LoginViewController.swift */; };
		C8F91DF81FE9230E0060B1B4 /* HomeViewController.swift in Sources */ = {isa = PBXBuildFile; fileRef = C8F91DF71FE9230E0060B1B4 /* HomeViewController.swift */; };
		C8F91DFC1FE923440060B1B4 /* PostViewController.swift in Sources */ = {isa = PBXBuildFile; fileRef = C8F91DFB1FE923440060B1B4 /* PostViewController.swift */; };
		C8F91DFE1FE923670060B1B4 /* SettingViewController.swift in Sources */ = {isa = PBXBuildFile; fileRef = C8F91DFD1FE923670060B1B4 /* SettingViewController.swift */; };
		C8F91E001FEB3A550060B1B4 /* GoogleService-Info.plist in Resources */ = {isa = PBXBuildFile; fileRef = C8F91DFF1FEB3A550060B1B4 /* GoogleService-Info.plist */; };
		C8F91E021FEB67020060B1B4 /* ImageSelectViewController.swift in Sources */ = {isa = PBXBuildFile; fileRef = C8F91E011FEB67020060B1B4 /* ImageSelectViewController.swift */; };
		C8F91E071FEB8FC20060B1B4 /* AdobeCreativeSDKCore.framework in Frameworks */ = {isa = PBXBuildFile; fileRef = C8F91E031FEB8F7E0060B1B4 /* AdobeCreativeSDKCore.framework */; };
		C8F91E081FEB8FC20060B1B4 /* AdobeCreativeSDKCore.framework in Embed Frameworks */ = {isa = PBXBuildFile; fileRef = C8F91E031FEB8F7E0060B1B4 /* AdobeCreativeSDKCore.framework */; settings = {ATTRIBUTES = (CodeSignOnCopy, RemoveHeadersOnCopy, ); }; };
		C8F91E091FEB8FC20060B1B4 /* AdobeCreativeSDKImage.framework in Frameworks */ = {isa = PBXBuildFile; fileRef = C8F91E041FEB8F7E0060B1B4 /* AdobeCreativeSDKImage.framework */; };
		C8F91E0A1FEB8FC20060B1B4 /* AdobeCreativeSDKImage.framework in Embed Frameworks */ = {isa = PBXBuildFile; fileRef = C8F91E041FEB8F7E0060B1B4 /* AdobeCreativeSDKImage.framework */; settings = {ATTRIBUTES = (CodeSignOnCopy, RemoveHeadersOnCopy, ); }; };
		C8F91E0F1FEB90680060B1B4 /* libc++.tbd in Frameworks */ = {isa = PBXBuildFile; fileRef = C8F91E0C1FEB90680060B1B4 /* libc++.tbd */; };
		C8F91E101FEB90680060B1B4 /* libz.1.2.5.tbd in Frameworks */ = {isa = PBXBuildFile; fileRef = C8F91E0D1FEB90680060B1B4 /* libz.1.2.5.tbd */; };
		C8F91E111FEB90680060B1B4 /* libz.tbd in Frameworks */ = {isa = PBXBuildFile; fileRef = C8F91E0E1FEB90680060B1B4 /* libz.tbd */; };
		C8F91E131FEB908D0060B1B4 /* libsqlite3.0.tbd in Frameworks */ = {isa = PBXBuildFile; fileRef = C8F91E121FEB908D0060B1B4 /* libsqlite3.0.tbd */; };
		C8F91E151FEB90AC0060B1B4 /* QuartzCore.framework in Frameworks */ = {isa = PBXBuildFile; fileRef = C8F91E141FEB90AC0060B1B4 /* QuartzCore.framework */; };
		C8F91E171FEB90C00060B1B4 /* OpenGLES.framework in Frameworks */ = {isa = PBXBuildFile; fileRef = C8F91E161FEB90C00060B1B4 /* OpenGLES.framework */; };
		C8F91E191FEB90D00060B1B4 /* MessageUI.framework in Frameworks */ = {isa = PBXBuildFile; fileRef = C8F91E181FEB90D00060B1B4 /* MessageUI.framework */; };
		C8F91E1B1FEB90DE0060B1B4 /* Accelerate.framework in Frameworks */ = {isa = PBXBuildFile; fileRef = C8F91E1A1FEB90DE0060B1B4 /* Accelerate.framework */; };
		C8F91E1D1FEB90F30060B1B4 /* SystemConfiguration.framework in Frameworks */ = {isa = PBXBuildFile; fileRef = C8F91E1C1FEB90F30060B1B4 /* SystemConfiguration.framework */; };
		C8F91E1F1FEB91080060B1B4 /* MobileCoreServices.framework in Frameworks */ = {isa = PBXBuildFile; fileRef = C8F91E1E1FEB91080060B1B4 /* MobileCoreServices.framework */; };
		C8F91E211FEB913A0060B1B4 /* CoreData.framework in Frameworks */ = {isa = PBXBuildFile; fileRef = C8F91E201FEB913A0060B1B4 /* CoreData.framework */; };
/* End PBXBuildFile section */

/* Begin PBXContainerItemProxy section */
		C8F91DB51FE9217A0060B1B4 /* PBXContainerItemProxy */ = {
			isa = PBXContainerItemProxy;
			containerPortal = C8F91D981FE921790060B1B4 /* Project object */;
			proxyType = 1;
			remoteGlobalIDString = C8F91D9F1FE9217A0060B1B4;
			remoteInfo = Instagram;
		};
		C8F91DC01FE9217A0060B1B4 /* PBXContainerItemProxy */ = {
			isa = PBXContainerItemProxy;
			containerPortal = C8F91D981FE921790060B1B4 /* Project object */;
			proxyType = 1;
			remoteGlobalIDString = C8F91D9F1FE9217A0060B1B4;
			remoteInfo = Instagram;
		};
/* End PBXContainerItemProxy section */

/* Begin PBXCopyFilesBuildPhase section */
		C8F91E0B1FEB8FC20060B1B4 /* Embed Frameworks */ = {
			isa = PBXCopyFilesBuildPhase;
			buildActionMask = 2147483647;
			dstPath = "";
			dstSubfolderSpec = 10;
			files = (
				C8F91E0A1FEB8FC20060B1B4 /* AdobeCreativeSDKImage.framework in Embed Frameworks */,
				C8F91E081FEB8FC20060B1B4 /* AdobeCreativeSDKCore.framework in Embed Frameworks */,
			);
			name = "Embed Frameworks";
			runOnlyForDeploymentPostprocessing = 0;
		};
/* End PBXCopyFilesBuildPhase section */

/* Begin PBXFileReference section */
		01A78411BF79E4677A74ACD2 /* Pods-InstagramTests.debug.xcconfig */ = {isa = PBXFileReference; includeInIndex = 1; lastKnownFileType = text.xcconfig; name = "Pods-InstagramTests.debug.xcconfig"; path = "Pods/Target Support Files/Pods-InstagramTests/Pods-InstagramTests.debug.xcconfig"; sourceTree = "<group>"; };
		0B9138BA93125590B1080CC5 /* Pods-InstagramTests.release.xcconfig */ = {isa = PBXFileReference; includeInIndex = 1; lastKnownFileType = text.xcconfig; name = "Pods-InstagramTests.release.xcconfig"; path = "Pods/Target Support Files/Pods-InstagramTests/Pods-InstagramTests.release.xcconfig"; sourceTree = "<group>"; };
		5256256C5241D09C886788C0 /* Pods-InstagramUITests.release.xcconfig */ = {isa = PBXFileReference; includeInIndex = 1; lastKnownFileType = text.xcconfig; name = "Pods-InstagramUITests.release.xcconfig"; path = "Pods/Target Support Files/Pods-InstagramUITests/Pods-InstagramUITests.release.xcconfig"; sourceTree = "<group>"; };
		AEF6E7B9DE6B1F8F70C9BF53 /* Pods-Instagram.release.xcconfig */ = {isa = PBXFileReference; includeInIndex = 1; lastKnownFileType = text.xcconfig; name = "Pods-Instagram.release.xcconfig"; path = "Pods/Target Support Files/Pods-Instagram/Pods-Instagram.release.xcconfig"; sourceTree = "<group>"; };
		BB3D7CD7722BE295BA4653DC /* Pods_Instagram.framework */ = {isa = PBXFileReference; explicitFileType = wrapper.framework; includeInIndex = 0; path = Pods_Instagram.framework; sourceTree = BUILT_PRODUCTS_DIR; };
		C8F91DA01FE9217A0060B1B4 /* Instagram.app */ = {isa = PBXFileReference; explicitFileType = wrapper.application; includeInIndex = 0; path = Instagram.app; sourceTree = BUILT_PRODUCTS_DIR; };
		C8F91DA31FE9217A0060B1B4 /* AppDelegate.swift */ = {isa = PBXFileReference; lastKnownFileType = sourcecode.swift; path = AppDelegate.swift; sourceTree = "<group>"; };
		C8F91DA51FE9217A0060B1B4 /* ViewController.swift */ = {isa = PBXFileReference; lastKnownFileType = sourcecode.swift; path = ViewController.swift; sourceTree = "<group>"; };
		C8F91DA81FE9217A0060B1B4 /* Base */ = {isa = PBXFileReference; lastKnownFileType = file.storyboard; name = Base; path = Base.lproj/Main.storyboard; sourceTree = "<group>"; };
		C8F91DAA1FE9217A0060B1B4 /* Assets.xcassets */ = {isa = PBXFileReference; lastKnownFileType = folder.assetcatalog; path = Assets.xcassets; sourceTree = "<group>"; };
		C8F91DAD1FE9217A0060B1B4 /* Base */ = {isa = PBXFileReference; lastKnownFileType = file.storyboard; name = Base; path = Base.lproj/LaunchScreen.storyboard; sourceTree = "<group>"; };
		C8F91DAF1FE9217A0060B1B4 /* Info.plist */ = {isa = PBXFileReference; lastKnownFileType = text.plist.xml; path = Info.plist; sourceTree = "<group>"; };
		C8F91DB41FE9217A0060B1B4 /* InstagramTests.xctest */ = {isa = PBXFileReference; explicitFileType = wrapper.cfbundle; includeInIndex = 0; path = InstagramTests.xctest; sourceTree = BUILT_PRODUCTS_DIR; };
		C8F91DB81FE9217A0060B1B4 /* InstagramTests.swift */ = {isa = PBXFileReference; lastKnownFileType = sourcecode.swift; path = InstagramTests.swift; sourceTree = "<group>"; };
		C8F91DBA1FE9217A0060B1B4 /* Info.plist */ = {isa = PBXFileReference; lastKnownFileType = text.plist.xml; path = Info.plist; sourceTree = "<group>"; };
		C8F91DBF1FE9217A0060B1B4 /* InstagramUITests.xctest */ = {isa = PBXFileReference; explicitFileType = wrapper.cfbundle; includeInIndex = 0; path = InstagramUITests.xctest; sourceTree = BUILT_PRODUCTS_DIR; };
		C8F91DC31FE9217A0060B1B4 /* InstagramUITests.swift */ = {isa = PBXFileReference; lastKnownFileType = sourcecode.swift; path = InstagramUITests.swift; sourceTree = "<group>"; };
		C8F91DC51FE9217A0060B1B4 /* Info.plist */ = {isa = PBXFileReference; lastKnownFileType = text.plist.xml; path = Info.plist; sourceTree = "<group>"; };
		C8F91DF51FE922F30060B1B4 /* LoginViewController.swift */ = {isa = PBXFileReference; fileEncoding = 4; lastKnownFileType = sourcecode.swift; path = LoginViewController.swift; sourceTree = "<group>"; };
		C8F91DF71FE9230E0060B1B4 /* HomeViewController.swift */ = {isa = PBXFileReference; fileEncoding = 4; lastKnownFileType = sourcecode.swift; path = HomeViewController.swift; sourceTree = "<group>"; };
		C8F91DFB1FE923440060B1B4 /* PostViewController.swift */ = {isa = PBXFileReference; fileEncoding = 4; lastKnownFileType = sourcecode.swift; name = PostViewController.swift; path = ViewController/PostViewController.swift; sourceTree = "<group>"; };
		C8F91DFD1FE923670060B1B4 /* SettingViewController.swift */ = {isa = PBXFileReference; fileEncoding = 4; lastKnownFileType = sourcecode.swift; name = SettingViewController.swift; path = ViewController/SettingViewController.swift; sourceTree = "<group>"; };
		C8F91DFF1FEB3A550060B1B4 /* GoogleService-Info.plist */ = {isa = PBXFileReference; fileEncoding = 4; lastKnownFileType = text.plist.xml; path = "GoogleService-Info.plist"; sourceTree = "<group>"; };
		C8F91E011FEB67020060B1B4 /* ImageSelectViewController.swift */ = {isa = PBXFileReference; fileEncoding = 4; lastKnownFileType = sourcecode.swift; path = ImageSelectViewController.swift; sourceTree = "<group>"; };
		C8F91E031FEB8F7E0060B1B4 /* AdobeCreativeSDKCore.framework */ = {isa = PBXFileReference; lastKnownFileType = wrapper.framework; path = AdobeCreativeSDKCore.framework; sourceTree = "<group>"; };
		C8F91E041FEB8F7E0060B1B4 /* AdobeCreativeSDKImage.framework */ = {isa = PBXFileReference; lastKnownFileType = wrapper.framework; path = AdobeCreativeSDKImage.framework; sourceTree = "<group>"; };
		C8F91E0C1FEB90680060B1B4 /* libc++.tbd */ = {isa = PBXFileReference; lastKnownFileType = "sourcecode.text-based-dylib-definition"; name = "libc++.tbd"; path = "usr/lib/libc++.tbd"; sourceTree = SDKROOT; };
		C8F91E0D1FEB90680060B1B4 /* libz.1.2.5.tbd */ = {isa = PBXFileReference; lastKnownFileType = "sourcecode.text-based-dylib-definition"; name = libz.1.2.5.tbd; path = usr/lib/libz.1.2.5.tbd; sourceTree = SDKROOT; };
		C8F91E0E1FEB90680060B1B4 /* libz.tbd */ = {isa = PBXFileReference; lastKnownFileType = "sourcecode.text-based-dylib-definition"; name = libz.tbd; path = usr/lib/libz.tbd; sourceTree = SDKROOT; };
		C8F91E121FEB908D0060B1B4 /* libsqlite3.0.tbd */ = {isa = PBXFileReference; lastKnownFileType = "sourcecode.text-based-dylib-definition"; name = libsqlite3.0.tbd; path = usr/lib/libsqlite3.0.tbd; sourceTree = SDKROOT; };
		C8F91E141FEB90AC0060B1B4 /* QuartzCore.framework */ = {isa = PBXFileReference; lastKnownFileType = wrapper.framework; name = QuartzCore.framework; path = System/Library/Frameworks/QuartzCore.framework; sourceTree = SDKROOT; };
		C8F91E161FEB90C00060B1B4 /* OpenGLES.framework */ = {isa = PBXFileReference; lastKnownFileType = wrapper.framework; name = OpenGLES.framework; path = System/Library/Frameworks/OpenGLES.framework; sourceTree = SDKROOT; };
		C8F91E181FEB90D00060B1B4 /* MessageUI.framework */ = {isa = PBXFileReference; lastKnownFileType = wrapper.framework; name = MessageUI.framework; path = System/Library/Frameworks/MessageUI.framework; sourceTree = SDKROOT; };
		C8F91E1A1FEB90DE0060B1B4 /* Accelerate.framework */ = {isa = PBXFileReference; lastKnownFileType = wrapper.framework; name = Accelerate.framework; path = System/Library/Frameworks/Accelerate.framework; sourceTree = SDKROOT; };
		C8F91E1C1FEB90F30060B1B4 /* SystemConfiguration.framework */ = {isa = PBXFileReference; lastKnownFileType = wrapper.framework; name = SystemConfiguration.framework; path = System/Library/Frameworks/SystemConfiguration.framework; sourceTree = SDKROOT; };
		C8F91E1E1FEB91080060B1B4 /* MobileCoreServices.framework */ = {isa = PBXFileReference; lastKnownFileType = wrapper.framework; name = MobileCoreServices.framework; path = System/Library/Frameworks/MobileCoreServices.framework; sourceTree = SDKROOT; };
		C8F91E201FEB913A0060B1B4 /* CoreData.framework */ = {isa = PBXFileReference; lastKnownFileType = wrapper.framework; name = CoreData.framework; path = System/Library/Frameworks/CoreData.framework; sourceTree = SDKROOT; };
		C8F91E241FEB91E50060B1B4 /* Instagram-Bridging-Header.h */ = {isa = PBXFileReference; lastKnownFileType = sourcecode.c.h; path = "Instagram-Bridging-Header.h"; sourceTree = SOURCE_ROOT; };
		CB34D15B0A2FFD6ECCE9021A /* Pods-Instagram.debug.xcconfig */ = {isa = PBXFileReference; includeInIndex = 1; lastKnownFileType = text.xcconfig; name = "Pods-Instagram.debug.xcconfig"; path = "Pods/Target Support Files/Pods-Instagram/Pods-Instagram.debug.xcconfig"; sourceTree = "<group>"; };
		DAE373852488195134B18665 /* Pods-InstagramUITests.debug.xcconfig */ = {isa = PBXFileReference; includeInIndex = 1; lastKnownFileType = text.xcconfig; name = "Pods-InstagramUITests.debug.xcconfig"; path = "Pods/Target Support Files/Pods-InstagramUITests/Pods-InstagramUITests.debug.xcconfig"; sourceTree = "<group>"; };
		DFD46F32A7D428578C7F2AD3 /* Pods_InstagramTests.framework */ = {isa = PBXFileReference; explicitFileType = wrapper.framework; includeInIndex = 0; path = Pods_InstagramTests.framework; sourceTree = BUILT_PRODUCTS_DIR; };
		F0782EE0B901FD76592AE0A9 /* Pods_InstagramUITests.framework */ = {isa = PBXFileReference; explicitFileType = wrapper.framework; includeInIndex = 0; path = Pods_InstagramUITests.framework; sourceTree = BUILT_PRODUCTS_DIR; };
/* End PBXFileReference section */

/* Begin PBXFrameworksBuildPhase section */
		C8F91D9D1FE9217A0060B1B4 /* Frameworks */ = {
			isa = PBXFrameworksBuildPhase;
			buildActionMask = 2147483647;
			files = (
				C8F91E211FEB913A0060B1B4 /* CoreData.framework in Frameworks */,
				C8F91E1F1FEB91080060B1B4 /* MobileCoreServices.framework in Frameworks */,
				C8F91E1D1FEB90F30060B1B4 /* SystemConfiguration.framework in Frameworks */,
				C8F91E1B1FEB90DE0060B1B4 /* Accelerate.framework in Frameworks */,
				C8F91E191FEB90D00060B1B4 /* MessageUI.framework in Frameworks */,
				C8F91E171FEB90C00060B1B4 /* OpenGLES.framework in Frameworks */,
				C8F91E151FEB90AC0060B1B4 /* QuartzCore.framework in Frameworks */,
				C8F91E131FEB908D0060B1B4 /* libsqlite3.0.tbd in Frameworks */,
				C8F91E0F1FEB90680060B1B4 /* libc++.tbd in Frameworks */,
				C8F91E101FEB90680060B1B4 /* libz.1.2.5.tbd in Frameworks */,
				C8F91E111FEB90680060B1B4 /* libz.tbd in Frameworks */,
				763BBB60319CA49756C50FFA /* Pods_Instagram.framework in Frameworks */,
				C8F91E091FEB8FC20060B1B4 /* AdobeCreativeSDKImage.framework in Frameworks */,
				C8F91E071FEB8FC20060B1B4 /* AdobeCreativeSDKCore.framework in Frameworks */,
			);
			runOnlyForDeploymentPostprocessing = 0;
		};
		C8F91DB11FE9217A0060B1B4 /* Frameworks */ = {
			isa = PBXFrameworksBuildPhase;
			buildActionMask = 2147483647;
			files = (
				1828C36757021D78B586B78D /* Pods_InstagramTests.framework in Frameworks */,
			);
			runOnlyForDeploymentPostprocessing = 0;
		};
		C8F91DBC1FE9217A0060B1B4 /* Frameworks */ = {
			isa = PBXFrameworksBuildPhase;
			buildActionMask = 2147483647;
			files = (
				6899C1E5A6E99E71A07218F1 /* Pods_InstagramUITests.framework in Frameworks */,
			);
			runOnlyForDeploymentPostprocessing = 0;
		};
/* End PBXFrameworksBuildPhase section */

/* Begin PBXGroup section */
		5BECF7F024D095F3030694A9 /* Frameworks */ = {
			isa = PBXGroup;
			children = (
				C8F91E201FEB913A0060B1B4 /* CoreData.framework */,
				C8F91E1E1FEB91080060B1B4 /* MobileCoreServices.framework */,
				C8F91E1C1FEB90F30060B1B4 /* SystemConfiguration.framework */,
				C8F91E1A1FEB90DE0060B1B4 /* Accelerate.framework */,
				C8F91E181FEB90D00060B1B4 /* MessageUI.framework */,
				C8F91E161FEB90C00060B1B4 /* OpenGLES.framework */,
				C8F91E141FEB90AC0060B1B4 /* QuartzCore.framework */,
				C8F91E121FEB908D0060B1B4 /* libsqlite3.0.tbd */,
				C8F91E0C1FEB90680060B1B4 /* libc++.tbd */,
				C8F91E0D1FEB90680060B1B4 /* libz.1.2.5.tbd */,
				C8F91E0E1FEB90680060B1B4 /* libz.tbd */,
				BB3D7CD7722BE295BA4653DC /* Pods_Instagram.framework */,
				DFD46F32A7D428578C7F2AD3 /* Pods_InstagramTests.framework */,
				F0782EE0B901FD76592AE0A9 /* Pods_InstagramUITests.framework */,
			);
			name = Frameworks;
			sourceTree = "<group>";
		};
		C2124F81644B6B7055E70A61 /* Pods */ = {
			isa = PBXGroup;
			children = (
				CB34D15B0A2FFD6ECCE9021A /* Pods-Instagram.debug.xcconfig */,
				AEF6E7B9DE6B1F8F70C9BF53 /* Pods-Instagram.release.xcconfig */,
				01A78411BF79E4677A74ACD2 /* Pods-InstagramTests.debug.xcconfig */,
				0B9138BA93125590B1080CC5 /* Pods-InstagramTests.release.xcconfig */,
				DAE373852488195134B18665 /* Pods-InstagramUITests.debug.xcconfig */,
				5256256C5241D09C886788C0 /* Pods-InstagramUITests.release.xcconfig */,
			);
			name = Pods;
			sourceTree = "<group>";
		};
		C8F91D971FE921790060B1B4 = {
			isa = PBXGroup;
			children = (
				C8F91DA21FE9217A0060B1B4 /* Instagram */,
				C8F91DB71FE9217A0060B1B4 /* InstagramTests */,
				C8F91DC21FE9217A0060B1B4 /* InstagramUITests */,
				C8F91DA11FE9217A0060B1B4 /* Products */,
				C2124F81644B6B7055E70A61 /* Pods */,
				5BECF7F024D095F3030694A9 /* Frameworks */,
			);
			sourceTree = "<group>";
		};
		C8F91DA11FE9217A0060B1B4 /* Products */ = {
			isa = PBXGroup;
			children = (
				C8F91DA01FE9217A0060B1B4 /* Instagram.app */,
				C8F91DB41FE9217A0060B1B4 /* InstagramTests.xctest */,
				C8F91DBF1FE9217A0060B1B4 /* InstagramUITests.xctest */,
			);
			name = Products;
			sourceTree = "<group>";
		};
		C8F91DA21FE9217A0060B1B4 /* Instagram */ = {
			isa = PBXGroup;
			children = (
				C8F91E031FEB8F7E0060B1B4 /* AdobeCreativeSDKCore.framework */,
				C8F91E041FEB8F7E0060B1B4 /* AdobeCreativeSDKImage.framework */,
				C8F91DA31FE9217A0060B1B4 /* AppDelegate.swift */,
				C8F91E241FEB91E50060B1B4 /* Instagram-Bridging-Header.h */,
				C8F91DA51FE9217A0060B1B4 /* ViewController.swift */,
				C8F91DA71FE9217A0060B1B4 /* Main.storyboard */,
				C8F91DF51FE922F30060B1B4 /* LoginViewController.swift */,
				C8F91DF71FE9230E0060B1B4 /* HomeViewController.swift */,
				C8F91DFB1FE923440060B1B4 /* PostViewController.swift */,
				C8F91E011FEB67020060B1B4 /* ImageSelectViewController.swift */,
				C8F91DFD1FE923670060B1B4 /* SettingViewController.swift */,
				C8F91DAA1FE9217A0060B1B4 /* Assets.xcassets */,
				C8F91DAC1FE9217A0060B1B4 /* LaunchScreen.storyboard */,
				C8F91DAF1FE9217A0060B1B4 /* Info.plist */,
				C8F91DFF1FEB3A550060B1B4 /* GoogleService-Info.plist */,
			);
			path = Instagram;
			sourceTree = "<group>";
		};
		C8F91DB71FE9217A0060B1B4 /* InstagramTests */ = {
			isa = PBXGroup;
			children = (
				C8F91DB81FE9217A0060B1B4 /* InstagramTests.swift */,
				C8F91DBA1FE9217A0060B1B4 /* Info.plist */,
			);
			path = InstagramTests;
			sourceTree = "<group>";
		};
		C8F91DC21FE9217A0060B1B4 /* InstagramUITests */ = {
			isa = PBXGroup;
			children = (
				C8F91DC31FE9217A0060B1B4 /* InstagramUITests.swift */,
				C8F91DC51FE9217A0060B1B4 /* Info.plist */,
			);
			path = InstagramUITests;
			sourceTree = "<group>";
		};
/* End PBXGroup section */

/* Begin PBXNativeTarget section */
		C8F91D9F1FE9217A0060B1B4 /* Instagram */ = {
			isa = PBXNativeTarget;
			buildConfigurationList = C8F91DC81FE9217A0060B1B4 /* Build configuration list for PBXNativeTarget "Instagram" */;
			buildPhases = (
				74891C4F9037A01DAABA29D1 /* [CP] Check Pods Manifest.lock */,
				C8F91D9C1FE9217A0060B1B4 /* Sources */,
				C8F91D9D1FE9217A0060B1B4 /* Frameworks */,
				C8F91D9E1FE9217A0060B1B4 /* Resources */,
				03DD18E3F55BD0ED4B8D5EF1 /* [CP] Embed Pods Frameworks */,
				35DAD3D0FFB1DE1960C7000F /* [CP] Copy Pods Resources */,
				C8F91E0B1FEB8FC20060B1B4 /* Embed Frameworks */,
				C8F91E221FEB91640060B1B4 /* Run Script */,
			);
			buildRules = (
			);
			dependencies = (
			);
			name = Instagram;
			productName = Instagram;
			productReference = C8F91DA01FE9217A0060B1B4 /* Instagram.app */;
			productType = "com.apple.product-type.application";
		};
		C8F91DB31FE9217A0060B1B4 /* InstagramTests */ = {
			isa = PBXNativeTarget;
			buildConfigurationList = C8F91DCB1FE9217A0060B1B4 /* Build configuration list for PBXNativeTarget "InstagramTests" */;
			buildPhases = (
				1F9FEC6F63F7EE8EB8CA125D /* [CP] Check Pods Manifest.lock */,
				C8F91DB01FE9217A0060B1B4 /* Sources */,
				C8F91DB11FE9217A0060B1B4 /* Frameworks */,
				C8F91DB21FE9217A0060B1B4 /* Resources */,
				E6AFDAF3B4A3D9B30B9F9740 /* [CP] Embed Pods Frameworks */,
				E6CE84EF99BBE74685D06D53 /* [CP] Copy Pods Resources */,
			);
			buildRules = (
			);
			dependencies = (
				C8F91DB61FE9217A0060B1B4 /* PBXTargetDependency */,
			);
			name = InstagramTests;
			productName = InstagramTests;
			productReference = C8F91DB41FE9217A0060B1B4 /* InstagramTests.xctest */;
			productType = "com.apple.product-type.bundle.unit-test";
		};
		C8F91DBE1FE9217A0060B1B4 /* InstagramUITests */ = {
			isa = PBXNativeTarget;
			buildConfigurationList = C8F91DCE1FE9217A0060B1B4 /* Build configuration list for PBXNativeTarget "InstagramUITests" */;
			buildPhases = (
				555AEF5D287846F2F6209A46 /* [CP] Check Pods Manifest.lock */,
				C8F91DBB1FE9217A0060B1B4 /* Sources */,
				C8F91DBC1FE9217A0060B1B4 /* Frameworks */,
				C8F91DBD1FE9217A0060B1B4 /* Resources */,
				F4E7B169E5495E737133DCF9 /* [CP] Embed Pods Frameworks */,
				A3E86C7A7A8A8C965AC8FF90 /* [CP] Copy Pods Resources */,
			);
			buildRules = (
			);
			dependencies = (
				C8F91DC11FE9217A0060B1B4 /* PBXTargetDependency */,
			);
			name = InstagramUITests;
			productName = InstagramUITests;
			productReference = C8F91DBF1FE9217A0060B1B4 /* InstagramUITests.xctest */;
			productType = "com.apple.product-type.bundle.ui-testing";
		};
/* End PBXNativeTarget section */

/* Begin PBXProject section */
		C8F91D981FE921790060B1B4 /* Project object */ = {
			isa = PBXProject;
			attributes = {
				LastSwiftUpdateCheck = 0830;
				LastUpgradeCheck = 0830;
				ORGANIZATIONNAME = gucci1003;
				TargetAttributes = {
					C8F91D9F1FE9217A0060B1B4 = {
						CreatedOnToolsVersion = 8.3.3;
						ProvisioningStyle = Automatic;
					};
					C8F91DB31FE9217A0060B1B4 = {
						CreatedOnToolsVersion = 8.3.3;
						ProvisioningStyle = Automatic;
						TestTargetID = C8F91D9F1FE9217A0060B1B4;
					};
					C8F91DBE1FE9217A0060B1B4 = {
						CreatedOnToolsVersion = 8.3.3;
						ProvisioningStyle = Automatic;
						TestTargetID = C8F91D9F1FE9217A0060B1B4;
					};
				};
			};
			buildConfigurationList = C8F91D9B1FE921790060B1B4 /* Build configuration list for PBXProject "Instagram" */;
			compatibilityVersion = "Xcode 3.2";
			developmentRegion = English;
			hasScannedForEncodings = 0;
			knownRegions = (
				en,
				Base,
			);
			mainGroup = C8F91D971FE921790060B1B4;
			productRefGroup = C8F91DA11FE9217A0060B1B4 /* Products */;
			projectDirPath = "";
			projectRoot = "";
			targets = (
				C8F91D9F1FE9217A0060B1B4 /* Instagram */,
				C8F91DB31FE9217A0060B1B4 /* InstagramTests */,
				C8F91DBE1FE9217A0060B1B4 /* InstagramUITests */,
			);
		};
/* End PBXProject section */

/* Begin PBXResourcesBuildPhase section */
		C8F91D9E1FE9217A0060B1B4 /* Resources */ = {
			isa = PBXResourcesBuildPhase;
			buildActionMask = 2147483647;
			files = (
				C8F91DAE1FE9217A0060B1B4 /* LaunchScreen.storyboard in Resources */,
				C8F91E001FEB3A550060B1B4 /* GoogleService-Info.plist in Resources */,
				C8F91DAB1FE9217A0060B1B4 /* Assets.xcassets in Resources */,
				C8F91DA91FE9217A0060B1B4 /* Main.storyboard in Resources */,
			);
			runOnlyForDeploymentPostprocessing = 0;
		};
		C8F91DB21FE9217A0060B1B4 /* Resources */ = {
			isa = PBXResourcesBuildPhase;
			buildActionMask = 2147483647;
			files = (
			);
			runOnlyForDeploymentPostprocessing = 0;
		};
		C8F91DBD1FE9217A0060B1B4 /* Resources */ = {
			isa = PBXResourcesBuildPhase;
			buildActionMask = 2147483647;
			files = (
			);
			runOnlyForDeploymentPostprocessing = 0;
		};
/* End PBXResourcesBuildPhase section */

/* Begin PBXShellScriptBuildPhase section */
		03DD18E3F55BD0ED4B8D5EF1 /* [CP] Embed Pods Frameworks */ = {
			isa = PBXShellScriptBuildPhase;
			buildActionMask = 2147483647;
			files = (
			);
			inputPaths = (
			);
			name = "[CP] Embed Pods Frameworks";
			outputPaths = (
			);
			runOnlyForDeploymentPostprocessing = 0;
			shellPath = /bin/sh;
			shellScript = "\"${SRCROOT}/Pods/Target Support Files/Pods-Instagram/Pods-Instagram-frameworks.sh\"\n";
			showEnvVarsInLog = 0;
		};
		1F9FEC6F63F7EE8EB8CA125D /* [CP] Check Pods Manifest.lock */ = {
			isa = PBXShellScriptBuildPhase;
			buildActionMask = 2147483647;
			files = (
			);
			inputPaths = (
			);
			name = "[CP] Check Pods Manifest.lock";
			outputPaths = (
			);
			runOnlyForDeploymentPostprocessing = 0;
			shellPath = /bin/sh;
			shellScript = "diff \"${PODS_ROOT}/../Podfile.lock\" \"${PODS_ROOT}/Manifest.lock\" > /dev/null\nif [ $? != 0 ] ; then\n    # print error to STDERR\n    echo \"error: The sandbox is not in sync with the Podfile.lock. Run 'pod install' or update your CocoaPods installation.\" >&2\n    exit 1\nfi\n";
			showEnvVarsInLog = 0;
		};
		35DAD3D0FFB1DE1960C7000F /* [CP] Copy Pods Resources */ = {
			isa = PBXShellScriptBuildPhase;
			buildActionMask = 2147483647;
			files = (
			);
			inputPaths = (
			);
			name = "[CP] Copy Pods Resources";
			outputPaths = (
			);
			runOnlyForDeploymentPostprocessing = 0;
			shellPath = /bin/sh;
			shellScript = "\"${SRCROOT}/Pods/Target Support Files/Pods-Instagram/Pods-Instagram-resources.sh\"\n";
			showEnvVarsInLog = 0;
		};
		555AEF5D287846F2F6209A46 /* [CP] Check Pods Manifest.lock */ = {
			isa = PBXShellScriptBuildPhase;
			buildActionMask = 2147483647;
			files = (
			);
			inputPaths = (
			);
			name = "[CP] Check Pods Manifest.lock";
			outputPaths = (
			);
			runOnlyForDeploymentPostprocessing = 0;
			shellPath = /bin/sh;
			shellScript = "diff \"${PODS_ROOT}/../Podfile.lock\" \"${PODS_ROOT}/Manifest.lock\" > /dev/null\nif [ $? != 0 ] ; then\n    # print error to STDERR\n    echo \"error: The sandbox is not in sync with the Podfile.lock. Run 'pod install' or update your CocoaPods installation.\" >&2\n    exit 1\nfi\n";
			showEnvVarsInLog = 0;
		};
		74891C4F9037A01DAABA29D1 /* [CP] Check Pods Manifest.lock */ = {
			isa = PBXShellScriptBuildPhase;
			buildActionMask = 2147483647;
			files = (
			);
			inputPaths = (
			);
			name = "[CP] Check Pods Manifest.lock";
			outputPaths = (
			);
			runOnlyForDeploymentPostprocessing = 0;
			shellPath = /bin/sh;
			shellScript = "diff \"${PODS_ROOT}/../Podfile.lock\" \"${PODS_ROOT}/Manifest.lock\" > /dev/null\nif [ $? != 0 ] ; then\n    # print error to STDERR\n    echo \"error: The sandbox is not in sync with the Podfile.lock. Run 'pod install' or update your CocoaPods installation.\" >&2\n    exit 1\nfi\n";
			showEnvVarsInLog = 0;
		};
		A3E86C7A7A8A8C965AC8FF90 /* [CP] Copy Pods Resources */ = {
			isa = PBXShellScriptBuildPhase;
			buildActionMask = 2147483647;
			files = (
			);
			inputPaths = (
			);
			name = "[CP] Copy Pods Resources";
			outputPaths = (
			);
			runOnlyForDeploymentPostprocessing = 0;
			shellPath = /bin/sh;
			shellScript = "\"${SRCROOT}/Pods/Target Support Files/Pods-InstagramUITests/Pods-InstagramUITests-resources.sh\"\n";
			showEnvVarsInLog = 0;
		};
		C8F91E221FEB91640060B1B4 /* Run Script */ = {
			isa = PBXShellScriptBuildPhase;
			buildActionMask = 2147483647;
			files = (
			);
			inputPaths = (
			);
			name = "Run Script";
			outputPaths = (
			);
			runOnlyForDeploymentPostprocessing = 0;
			shellPath = /bin/sh;
			shellScript = "bash \"${BUILT_PRODUCTS_DIR}/${FRAMEWORKS_FOLDER_PATH}/AdobeCreativeSDKCore.framework/strip-frameworks.sh\"";
		};
		E6AFDAF3B4A3D9B30B9F9740 /* [CP] Embed Pods Frameworks */ = {
			isa = PBXShellScriptBuildPhase;
			buildActionMask = 2147483647;
			files = (
			);
			inputPaths = (
			);
			name = "[CP] Embed Pods Frameworks";
			outputPaths = (
			);
			runOnlyForDeploymentPostprocessing = 0;
			shellPath = /bin/sh;
			shellScript = "\"${SRCROOT}/Pods/Target Support Files/Pods-InstagramTests/Pods-InstagramTests-frameworks.sh\"\n";
			showEnvVarsInLog = 0;
		};
		E6CE84EF99BBE74685D06D53 /* [CP] Copy Pods Resources */ = {
			isa = PBXShellScriptBuildPhase;
			buildActionMask = 2147483647;
			files = (
			);
			inputPaths = (
			);
			name = "[CP] Copy Pods Resources";
			outputPaths = (
			);
			runOnlyForDeploymentPostprocessing = 0;
			shellPath = /bin/sh;
			shellScript = "\"${SRCROOT}/Pods/Target Support Files/Pods-InstagramTests/Pods-InstagramTests-resources.sh\"\n";
			showEnvVarsInLog = 0;
		};
		F4E7B169E5495E737133DCF9 /* [CP] Embed Pods Frameworks */ = {
			isa = PBXShellScriptBuildPhase;
			buildActionMask = 2147483647;
			files = (
			);
			inputPaths = (
			);
			name = "[CP] Embed Pods Frameworks";
			outputPaths = (
			);
			runOnlyForDeploymentPostprocessing = 0;
			shellPath = /bin/sh;
			shellScript = "\"${SRCROOT}/Pods/Target Support Files/Pods-InstagramUITests/Pods-InstagramUITests-frameworks.sh\"\n";
			showEnvVarsInLog = 0;
		};
/* End PBXShellScriptBuildPhase section */

/* Begin PBXSourcesBuildPhase section */
		C8F91D9C1FE9217A0060B1B4 /* Sources */ = {
			isa = PBXSourcesBuildPhase;
			buildActionMask = 2147483647;
			files = (
				C8F91E021FEB67020060B1B4 /* ImageSelectViewController.swift in Sources */,
				C8F91DFC1FE923440060B1B4 /* PostViewController.swift in Sources */,
				C8F91DF61FE922F30060B1B4 /* LoginViewController.swift in Sources */,
				C8F91DA61FE9217A0060B1B4 /* ViewController.swift in Sources */,
				C8F91DA41FE9217A0060B1B4 /* AppDelegate.swift in Sources */,
				C8F91DFE1FE923670060B1B4 /* SettingViewController.swift in Sources */,
				C8F91DF81FE9230E0060B1B4 /* HomeViewController.swift in Sources */,
			);
			runOnlyForDeploymentPostprocessing = 0;
		};
		C8F91DB01FE9217A0060B1B4 /* Sources */ = {
			isa = PBXSourcesBuildPhase;
			buildActionMask = 2147483647;
			files = (
				C8F91DB91FE9217A0060B1B4 /* InstagramTests.swift in Sources */,
			);
			runOnlyForDeploymentPostprocessing = 0;
		};
		C8F91DBB1FE9217A0060B1B4 /* Sources */ = {
			isa = PBXSourcesBuildPhase;
			buildActionMask = 2147483647;
			files = (
				C8F91DC41FE9217A0060B1B4 /* InstagramUITests.swift in Sources */,
			);
			runOnlyForDeploymentPostprocessing = 0;
		};
/* End PBXSourcesBuildPhase section */

/* Begin PBXTargetDependency section */
		C8F91DB61FE9217A0060B1B4 /* PBXTargetDependency */ = {
			isa = PBXTargetDependency;
			target = C8F91D9F1FE9217A0060B1B4 /* Instagram */;
			targetProxy = C8F91DB51FE9217A0060B1B4 /* PBXContainerItemProxy */;
		};
		C8F91DC11FE9217A0060B1B4 /* PBXTargetDependency */ = {
			isa = PBXTargetDependency;
			target = C8F91D9F1FE9217A0060B1B4 /* Instagram */;
			targetProxy = C8F91DC01FE9217A0060B1B4 /* PBXContainerItemProxy */;
		};
/* End PBXTargetDependency section */

/* Begin PBXVariantGroup section */
		C8F91DA71FE9217A0060B1B4 /* Main.storyboard */ = {
			isa = PBXVariantGroup;
			children = (
				C8F91DA81FE9217A0060B1B4 /* Base */,
			);
			name = Main.storyboard;
			sourceTree = "<group>";
		};
		C8F91DAC1FE9217A0060B1B4 /* LaunchScreen.storyboard */ = {
			isa = PBXVariantGroup;
			children = (
				C8F91DAD1FE9217A0060B1B4 /* Base */,
			);
			name = LaunchScreen.storyboard;
			sourceTree = "<group>";
		};
/* End PBXVariantGroup section */

/* Begin XCBuildConfiguration section */
		C8F91DC61FE9217A0060B1B4 /* Debug */ = {
			isa = XCBuildConfiguration;
			buildSettings = {
				ALWAYS_SEARCH_USER_PATHS = NO;
				CLANG_ANALYZER_NONNULL = YES;
				CLANG_ANALYZER_NUMBER_OBJECT_CONVERSION = YES_AGGRESSIVE;
				CLANG_CXX_LANGUAGE_STANDARD = "gnu++0x";
				CLANG_CXX_LIBRARY = "libc++";
				CLANG_ENABLE_MODULES = YES;
				CLANG_ENABLE_OBJC_ARC = YES;
				CLANG_WARN_BOOL_CONVERSION = YES;
				CLANG_WARN_CONSTANT_CONVERSION = YES;
				CLANG_WARN_DIRECT_OBJC_ISA_USAGE = YES_ERROR;
				CLANG_WARN_DOCUMENTATION_COMMENTS = YES;
				CLANG_WARN_EMPTY_BODY = YES;
				CLANG_WARN_ENUM_CONVERSION = YES;
				CLANG_WARN_INFINITE_RECURSION = YES;
				CLANG_WARN_INT_CONVERSION = YES;
				CLANG_WARN_OBJC_ROOT_CLASS = YES_ERROR;
				CLANG_WARN_SUSPICIOUS_MOVE = YES;
				CLANG_WARN_UNREACHABLE_CODE = YES;
				CLANG_WARN__DUPLICATE_METHOD_MATCH = YES;
				"CODE_SIGN_IDENTITY[sdk=iphoneos*]" = "iPhone Developer";
				COPY_PHASE_STRIP = NO;
				DEBUG_INFORMATION_FORMAT = dwarf;
				ENABLE_STRICT_OBJC_MSGSEND = YES;
				ENABLE_TESTABILITY = YES;
				GCC_C_LANGUAGE_STANDARD = gnu99;
				GCC_DYNAMIC_NO_PIC = NO;
				GCC_NO_COMMON_BLOCKS = YES;
				GCC_OPTIMIZATION_LEVEL = 0;
				GCC_PREPROCESSOR_DEFINITIONS = (
					"DEBUG=1",
					"$(inherited)",
				);
				GCC_WARN_64_TO_32_BIT_CONVERSION = YES;
				GCC_WARN_ABOUT_RETURN_TYPE = YES_ERROR;
				GCC_WARN_UNDECLARED_SELECTOR = YES;
				GCC_WARN_UNINITIALIZED_AUTOS = YES_AGGRESSIVE;
				GCC_WARN_UNUSED_FUNCTION = YES;
				GCC_WARN_UNUSED_VARIABLE = YES;
				IPHONEOS_DEPLOYMENT_TARGET = 10.3;
				MTL_ENABLE_DEBUG_INFO = YES;
				ONLY_ACTIVE_ARCH = YES;
				SDKROOT = iphoneos;
				SWIFT_ACTIVE_COMPILATION_CONDITIONS = DEBUG;
				SWIFT_OPTIMIZATION_LEVEL = "-Onone";
			};
			name = Debug;
		};
		C8F91DC71FE9217A0060B1B4 /* Release */ = {
			isa = XCBuildConfiguration;
			buildSettings = {
				ALWAYS_SEARCH_USER_PATHS = NO;
				CLANG_ANALYZER_NONNULL = YES;
				CLANG_ANALYZER_NUMBER_OBJECT_CONVERSION = YES_AGGRESSIVE;
				CLANG_CXX_LANGUAGE_STANDARD = "gnu++0x";
				CLANG_CXX_LIBRARY = "libc++";
				CLANG_ENABLE_MODULES = YES;
				CLANG_ENABLE_OBJC_ARC = YES;
				CLANG_WARN_BOOL_CONVERSION = YES;
				CLANG_WARN_CONSTANT_CONVERSION = YES;
				CLANG_WARN_DIRECT_OBJC_ISA_USAGE = YES_ERROR;
				CLANG_WARN_DOCUMENTATION_COMMENTS = YES;
				CLANG_WARN_EMPTY_BODY = YES;
				CLANG_WARN_ENUM_CONVERSION = YES;
				CLANG_WARN_INFINITE_RECURSION = YES;
				CLANG_WARN_INT_CONVERSION = YES;
				CLANG_WARN_OBJC_ROOT_CLASS = YES_ERROR;
				CLANG_WARN_SUSPICIOUS_MOVE = YES;
				CLANG_WARN_UNREACHABLE_CODE = YES;
				CLANG_WARN__DUPLICATE_METHOD_MATCH = YES;
				"CODE_SIGN_IDENTITY[sdk=iphoneos*]" = "iPhone Developer";
				COPY_PHASE_STRIP = NO;
				DEBUG_INFORMATION_FORMAT = "dwarf-with-dsym";
				ENABLE_NS_ASSERTIONS = NO;
				ENABLE_STRICT_OBJC_MSGSEND = YES;
				GCC_C_LANGUAGE_STANDARD = gnu99;
				GCC_NO_COMMON_BLOCKS = YES;
				GCC_WARN_64_TO_32_BIT_CONVERSION = YES;
				GCC_WARN_ABOUT_RETURN_TYPE = YES_ERROR;
				GCC_WARN_UNDECLARED_SELECTOR = YES;
				GCC_WARN_UNINITIALIZED_AUTOS = YES_AGGRESSIVE;
				GCC_WARN_UNUSED_FUNCTION = YES;
				GCC_WARN_UNUSED_VARIABLE = YES;
				IPHONEOS_DEPLOYMENT_TARGET = 10.3;
				MTL_ENABLE_DEBUG_INFO = NO;
				SDKROOT = iphoneos;
				SWIFT_OPTIMIZATION_LEVEL = "-Owholemodule";
				VALIDATE_PRODUCT = YES;
			};
			name = Release;
		};
		C8F91DC91FE9217A0060B1B4 /* Debug */ = {
			isa = XCBuildConfiguration;
			baseConfigurationReference = CB34D15B0A2FFD6ECCE9021A /* Pods-Instagram.debug.xcconfig */;
			buildSettings = {
				ASSETCATALOG_COMPILER_APPICON_NAME = AppIcon;
				FRAMEWORK_SEARCH_PATHS = (
					"$(inherited)",
					"$(PROJECT_DIR)/Instagram",
				);
				INFOPLIST_FILE = Instagram/Info.plist;
				LD_RUNPATH_SEARCH_PATHS = "$(inherited) @executable_path/Frameworks";
				PRODUCT_BUNDLE_IDENTIFIER = jp.techacademy.gucci1003.Instagram;
				PRODUCT_NAME = "$(TARGET_NAME)";
				SWIFT_VERSION = 3.0;
			};
			name = Debug;
		};
		C8F91DCA1FE9217A0060B1B4 /* Release */ = {
			isa = XCBuildConfiguration;
			baseConfigurationReference = AEF6E7B9DE6B1F8F70C9BF53 /* Pods-Instagram.release.xcconfig */;
			buildSettings = {
				ASSETCATALOG_COMPILER_APPICON_NAME = AppIcon;
				FRAMEWORK_SEARCH_PATHS = (
					"$(inherited)",
					"$(PROJECT_DIR)/Instagram",
				);
				INFOPLIST_FILE = Instagram/Info.plist;
				LD_RUNPATH_SEARCH_PATHS = "$(inherited) @executable_path/Frameworks";
				PRODUCT_BUNDLE_IDENTIFIER = jp.techacademy.gucci1003.Instagram;
				PRODUCT_NAME = "$(TARGET_NAME)";
				SWIFT_VERSION = 3.0;
			};
			name = Release;
		};
		C8F91DCC1FE9217A0060B1B4 /* Debug */ = {
			isa = XCBuildConfiguration;
			baseConfigurationReference = 01A78411BF79E4677A74ACD2 /* Pods-InstagramTests.debug.xcconfig */;
			buildSettings = {
				ALWAYS_EMBED_SWIFT_STANDARD_LIBRARIES = YES;
				BUNDLE_LOADER = "$(TEST_HOST)";
				INFOPLIST_FILE = InstagramTests/Info.plist;
				LD_RUNPATH_SEARCH_PATHS = "$(inherited) @executable_path/Frameworks @loader_path/Frameworks";
				PRODUCT_BUNDLE_IDENTIFIER = jp.techacademy.gucci1003.InstagramTests;
				PRODUCT_NAME = "$(TARGET_NAME)";
				SWIFT_VERSION = 3.0;
				TEST_HOST = "$(BUILT_PRODUCTS_DIR)/Instagram.app/Instagram";
			};
			name = Debug;
		};
		C8F91DCD1FE9217A0060B1B4 /* Release */ = {
			isa = XCBuildConfiguration;
			baseConfigurationReference = 0B9138BA93125590B1080CC5 /* Pods-InstagramTests.release.xcconfig */;
			buildSettings = {
				ALWAYS_EMBED_SWIFT_STANDARD_LIBRARIES = YES;
				BUNDLE_LOADER = "$(TEST_HOST)";
				INFOPLIST_FILE = InstagramTests/Info.plist;
				LD_RUNPATH_SEARCH_PATHS = "$(inherited) @executable_path/Frameworks @loader_path/Frameworks";
				PRODUCT_BUNDLE_IDENTIFIER = jp.techacademy.gucci1003.InstagramTests;
				PRODUCT_NAME = "$(TARGET_NAME)";
				SWIFT_VERSION = 3.0;
				TEST_HOST = "$(BUILT_PRODUCTS_DIR)/Instagram.app/Instagram";
			};
			name = Release;
		};
		C8F91DCF1FE9217A0060B1B4 /* Debug */ = {
			isa = XCBuildConfiguration;
			baseConfigurationReference = DAE373852488195134B18665 /* Pods-InstagramUITests.debug.xcconfig */;
			buildSettings = {
				ALWAYS_EMBED_SWIFT_STANDARD_LIBRARIES = YES;
				INFOPLIST_FILE = InstagramUITests/Info.plist;
				LD_RUNPATH_SEARCH_PATHS = "$(inherited) @executable_path/Frameworks @loader_path/Frameworks";
				PRODUCT_BUNDLE_IDENTIFIER = jp.techacademy.gucci1003.InstagramUITests;
				PRODUCT_NAME = "$(TARGET_NAME)";
				SWIFT_VERSION = 3.0;
				TEST_TARGET_NAME = Instagram;
			};
			name = Debug;
		};
		C8F91DD01FE9217A0060B1B4 /* Release */ = {
			isa = XCBuildConfiguration;
			baseConfigurationReference = 5256256C5241D09C886788C0 /* Pods-InstagramUITests.release.xcconfig */;
			buildSettings = {
				ALWAYS_EMBED_SWIFT_STANDARD_LIBRARIES = YES;
				INFOPLIST_FILE = InstagramUITests/Info.plist;
				LD_RUNPATH_SEARCH_PATHS = "$(inherited) @executable_path/Frameworks @loader_path/Frameworks";
				PRODUCT_BUNDLE_IDENTIFIER = jp.techacademy.gucci1003.InstagramUITests;
				PRODUCT_NAME = "$(TARGET_NAME)";
				SWIFT_VERSION = 3.0;
				TEST_TARGET_NAME = Instagram;
			};
			name = Release;
		};
/* End XCBuildConfiguration section */

/* Begin XCConfigurationList section */
		C8F91D9B1FE921790060B1B4 /* Build configuration list for PBXProject "Instagram" */ = {
			isa = XCConfigurationList;
			buildConfigurations = (
				C8F91DC61FE9217A0060B1B4 /* Debug */,
				C8F91DC71FE9217A0060B1B4 /* Release */,
			);
			defaultConfigurationIsVisible = 0;
			defaultConfigurationName = Release;
		};
		C8F91DC81FE9217A0060B1B4 /* Build configuration list for PBXNativeTarget "Instagram" */ = {
			isa = XCConfigurationList;
			buildConfigurations = (
				C8F91DC91FE9217A0060B1B4 /* Debug */,
				C8F91DCA1FE9217A0060B1B4 /* Release */,
			);
			defaultConfigurationIsVisible = 0;
			defaultConfigurationName = Release;
		};
		C8F91DCB1FE9217A0060B1B4 /* Build configuration list for PBXNativeTarget "InstagramTests" */ = {
			isa = XCConfigurationList;
			buildConfigurations = (
				C8F91DCC1FE9217A0060B1B4 /* Debug */,
				C8F91DCD1FE9217A0060B1B4 /* Release */,
			);
			defaultConfigurationIsVisible = 0;
			defaultConfigurationName = Release;
		};
		C8F91DCE1FE9217A0060B1B4 /* Build configuration list for PBXNativeTarget "InstagramUITests" */ = {
			isa = XCConfigurationList;
			buildConfigurations = (
				C8F91DCF1FE9217A0060B1B4 /* Debug */,
				C8F91DD01FE9217A0060B1B4 /* Release */,
			);
			defaultConfigurationIsVisible = 0;
			defaultConfigurationName = Release;
		};
/* End XCConfigurationList section */
	};
	rootObject = C8F91D981FE921790060B1B4 /* Project object */;
}
